// !$*UTF8*$!
{
	archiveVersion = 1;
	classes = {
	};
	objectVersion = 56;
	objects = {

/* Begin PBXBuildFile section */
		244E5BA42BDC59C700E541D3 /* AppDelegate.swift in Sources */ = {isa = PBXBuildFile; fileRef = 244E5BA32BDC59C700E541D3 /* AppDelegate.swift */; };
		244E5BA62BDC59C700E541D3 /* SceneDelegate.swift in Sources */ = {isa = PBXBuildFile; fileRef = 244E5BA52BDC59C700E541D3 /* SceneDelegate.swift */; };
		244E5BAB2BDC59C700E541D3 /* Main.storyboard in Resources */ = {isa = PBXBuildFile; fileRef = 244E5BA92BDC59C700E541D3 /* Main.storyboard */; };
		244E5BAD2BDC59C800E541D3 /* Assets.xcassets in Resources */ = {isa = PBXBuildFile; fileRef = 244E5BAC2BDC59C800E541D3 /* Assets.xcassets */; };
		244E5BB02BDC59C800E541D3 /* LaunchScreen.storyboard in Resources */ = {isa = PBXBuildFile; fileRef = 244E5BAE2BDC59C800E541D3 /* LaunchScreen.storyboard */; };
		244E5BBB2BDC59C800E541D3 /* AmatorTelsizTests.swift in Sources */ = {isa = PBXBuildFile; fileRef = 244E5BBA2BDC59C800E541D3 /* AmatorTelsizTests.swift */; };
		244E5BC52BDC59C800E541D3 /* AmatorTelsizUITests.swift in Sources */ = {isa = PBXBuildFile; fileRef = 244E5BC42BDC59C800E541D3 /* AmatorTelsizUITests.swift */; };
		244E5BC72BDC59C800E541D3 /* AmatorTelsizUITestsLaunchTests.swift in Sources */ = {isa = PBXBuildFile; fileRef = 244E5BC62BDC59C800E541D3 /* AmatorTelsizUITestsLaunchTests.swift */; };
		247EFE812BDD746300AEB766 /* CompassViewController.swift in Sources */ = {isa = PBXBuildFile; fileRef = 247EFE802BDD746300AEB766 /* CompassViewController.swift */; };
		247EFE832BDD758100AEB766 /* MorseAlphabetViewController.swift in Sources */ = {isa = PBXBuildFile; fileRef = 247EFE822BDD758100AEB766 /* MorseAlphabetViewController.swift */; };
		247EFE892BDD7BD200AEB766 /* PhoneticMorseAlphabetViewController.swift in Sources */ = {isa = PBXBuildFile; fileRef = 247EFE882BDD7BD200AEB766 /* PhoneticMorseAlphabetViewController.swift */; };
		247EFE8C2BDD8A3D00AEB766 /* RoleViewController.swift in Sources */ = {isa = PBXBuildFile; fileRef = 247EFE8B2BDD8A3D00AEB766 /* RoleViewController.swift */; };
		247EFE8E2BDD91B000AEB766 /* QCodeViewController.swift in Sources */ = {isa = PBXBuildFile; fileRef = 247EFE8D2BDD91B000AEB766 /* QCodeViewController.swift */; };
		247EFE902BDD9A8B00AEB766 /* AprsViewController.swift in Sources */ = {isa = PBXBuildFile; fileRef = 247EFE8F2BDD9A8B00AEB766 /* AprsViewController.swift */; };
		247EFE922BDEFCB300AEB766 /* DarkModeManager.swift in Sources */ = {isa = PBXBuildFile; fileRef = 247EFE912BDEFCB300AEB766 /* DarkModeManager.swift */; };
		24DA49E52BE04ADE002474CA /* ab_isletme.json in Resources */ = {isa = PBXBuildFile; fileRef = 24DA49DF2BE04ADE002474CA /* ab_isletme.json */; };
		24DA49E62BE04ADE002474CA /* ab_tec.json in Resources */ = {isa = PBXBuildFile; fileRef = 24DA49E02BE04ADE002474CA /* ab_tec.json */; };
		24DA49E72BE04ADE002474CA /* c_IR.json in Resources */ = {isa = PBXBuildFile; fileRef = 24DA49E12BE04ADE002474CA /* c_IR.json */; };
		24DA49E82BE04ADE002474CA /* ab_IR.json in Resources */ = {isa = PBXBuildFile; fileRef = 24DA49E22BE04ADE002474CA /* ab_IR.json */; };
		24DA49E92BE04ADE002474CA /* c_tec.json in Resources */ = {isa = PBXBuildFile; fileRef = 24DA49E32BE04ADE002474CA /* c_tec.json */; };
		24DA49EA2BE04ADE002474CA /* c_isletme.json in Resources */ = {isa = PBXBuildFile; fileRef = 24DA49E42BE04ADE002474CA /* c_isletme.json */; };
		24DA49F02BE05DF8002474CA /* QuestionCardViewCell.swift in Sources */ = {isa = PBXBuildFile; fileRef = 24DA49EF2BE05DF8002474CA /* QuestionCardViewCell.swift */; };
		24DA49F22BE05E7B002474CA /* AnswerCardViewCell.swift in Sources */ = {isa = PBXBuildFile; fileRef = 24DA49F12BE05E7B002474CA /* AnswerCardViewCell.swift */; };
		24DA49F92BE12F8F002474CA /* TabbarController.swift in Sources */ = {isa = PBXBuildFile; fileRef = 24DA49F82BE12F8F002474CA /* TabbarController.swift */; };
		24DA49FB2BE12FFF002474CA /* TabBarWithCorners.swift in Sources */ = {isa = PBXBuildFile; fileRef = 24DA49FA2BE12FFF002474CA /* TabBarWithCorners.swift */; };
		A55476A82BDDA9F900D71E8D /* QuestionManager.swift in Sources */ = {isa = PBXBuildFile; fileRef = A55476A72BDDA9F900D71E8D /* QuestionManager.swift */; };
		A55476AA2BDDAB0400D71E8D /* Question.swift in Sources */ = {isa = PBXBuildFile; fileRef = A55476A92BDDAB0400D71E8D /* Question.swift */; };
		A55476AD2BDDACA700D71E8D /* ab_question.swift in Sources */ = {isa = PBXBuildFile; fileRef = A55476AC2BDDACA700D71E8D /* ab_question.swift */; };
		A57312442BDC6165008A2955 /* MainViewController.swift in Sources */ = {isa = PBXBuildFile; fileRef = A57312432BDC6165008A2955 /* MainViewController.swift */; };
		A57312482BDC61BC008A2955 /* SettingViewController.swift in Sources */ = {isa = PBXBuildFile; fileRef = A57312472BDC61BC008A2955 /* SettingViewController.swift */; };
		A573124A2BDC64C5008A2955 /* ToolsViewController.swift in Sources */ = {isa = PBXBuildFile; fileRef = A57312492BDC64C5008A2955 /* ToolsViewController.swift */; };
		A573124E2BDC7FD0008A2955 /* MainQuestionBankFlowCell.swift in Sources */ = {isa = PBXBuildFile; fileRef = A573124D2BDC7FD0008A2955 /* MainQuestionBankFlowCell.swift */; };
		A5E6E19E2BE0188C001C7469 /* c_question.swift in Sources */ = {isa = PBXBuildFile; fileRef = A5E6E19D2BE0188C001C7469 /* c_question.swift */; };
		A5E6E1A22BE021C7001C7469 /* AB_IExamViewController.swift in Sources */ = {isa = PBXBuildFile; fileRef = A5E6E1A12BE021C7001C7469 /* AB_IExamViewController.swift */; };
		A5E6E1A42BE02285001C7469 /* AB_IRExamViewController.swift in Sources */ = {isa = PBXBuildFile; fileRef = A5E6E1A32BE02285001C7469 /* AB_IRExamViewController.swift */; };
		A5E6E1A62BE0229A001C7469 /* AB_TecViewController.swift in Sources */ = {isa = PBXBuildFile; fileRef = A5E6E1A52BE0229A001C7469 /* AB_TecViewController.swift */; };
		A5E6E1A82BE022AF001C7469 /* C_IExamViewController.swift in Sources */ = {isa = PBXBuildFile; fileRef = A5E6E1A72BE022AF001C7469 /* C_IExamViewController.swift */; };
		A5E6E1AA2BE022C6001C7469 /* C_IRExamViewController.swift in Sources */ = {isa = PBXBuildFile; fileRef = A5E6E1A92BE022C6001C7469 /* C_IRExamViewController.swift */; };
		A5E6E1AC2BE022DE001C7469 /* C_TecViewController.swift in Sources */ = {isa = PBXBuildFile; fileRef = A5E6E1AB2BE022DE001C7469 /* C_TecViewController.swift */; };
		A5E6E1AF2BE02E25001C7469 /* CustomCellBottom.swift in Sources */ = {isa = PBXBuildFile; fileRef = A5E6E1AE2BE02E25001C7469 /* CustomCellBottom.swift */; };
		A5F3903C2C1F42F9006C8674 /* extension.swift in Sources */ = {isa = PBXBuildFile; fileRef = A5F3903B2C1F42F9006C8674 /* extension.swift */; };
		A5F3903E2C1F4322006C8674 /* constants.swift in Sources */ = {isa = PBXBuildFile; fileRef = A5F3903D2C1F4322006C8674 /* constants.swift */; };
/* End PBXBuildFile section */

/* Begin PBXContainerItemProxy section */
		244E5BB72BDC59C800E541D3 /* PBXContainerItemProxy */ = {
			isa = PBXContainerItemProxy;
			containerPortal = 244E5B982BDC59C700E541D3 /* Project object */;
			proxyType = 1;
			remoteGlobalIDString = 244E5B9F2BDC59C700E541D3;
			remoteInfo = AmatorTelsiz;
		};
		244E5BC12BDC59C800E541D3 /* PBXContainerItemProxy */ = {
			isa = PBXContainerItemProxy;
			containerPortal = 244E5B982BDC59C700E541D3 /* Project object */;
			proxyType = 1;
			remoteGlobalIDString = 244E5B9F2BDC59C700E541D3;
			remoteInfo = AmatorTelsiz;
		};
/* End PBXContainerItemProxy section */

/* Begin PBXFileReference section */
		244E5BA02BDC59C700E541D3 /* AmatorTelsiz.app */ = {isa = PBXFileReference; explicitFileType = wrapper.application; includeInIndex = 0; path = AmatorTelsiz.app; sourceTree = BUILT_PRODUCTS_DIR; };
		244E5BA32BDC59C700E541D3 /* AppDelegate.swift */ = {isa = PBXFileReference; lastKnownFileType = sourcecode.swift; path = AppDelegate.swift; sourceTree = "<group>"; };
		244E5BA52BDC59C700E541D3 /* SceneDelegate.swift */ = {isa = PBXFileReference; lastKnownFileType = sourcecode.swift; path = SceneDelegate.swift; sourceTree = "<group>"; };
		244E5BAA2BDC59C700E541D3 /* Base */ = {isa = PBXFileReference; lastKnownFileType = file.storyboard; name = Base; path = Base.lproj/Main.storyboard; sourceTree = "<group>"; };
		244E5BAC2BDC59C800E541D3 /* Assets.xcassets */ = {isa = PBXFileReference; lastKnownFileType = folder.assetcatalog; path = Assets.xcassets; sourceTree = "<group>"; };
		244E5BAF2BDC59C800E541D3 /* Base */ = {isa = PBXFileReference; lastKnownFileType = file.storyboard; name = Base; path = Base.lproj/LaunchScreen.storyboard; sourceTree = "<group>"; };
		244E5BB12BDC59C800E541D3 /* Info.plist */ = {isa = PBXFileReference; lastKnownFileType = text.plist.xml; path = Info.plist; sourceTree = "<group>"; };
		244E5BB62BDC59C800E541D3 /* AmatorTelsizTests.xctest */ = {isa = PBXFileReference; explicitFileType = wrapper.cfbundle; includeInIndex = 0; path = AmatorTelsizTests.xctest; sourceTree = BUILT_PRODUCTS_DIR; };
		244E5BBA2BDC59C800E541D3 /* AmatorTelsizTests.swift */ = {isa = PBXFileReference; lastKnownFileType = sourcecode.swift; path = AmatorTelsizTests.swift; sourceTree = "<group>"; };
		244E5BC02BDC59C800E541D3 /* AmatorTelsizUITests.xctest */ = {isa = PBXFileReference; explicitFileType = wrapper.cfbundle; includeInIndex = 0; path = AmatorTelsizUITests.xctest; sourceTree = BUILT_PRODUCTS_DIR; };
		244E5BC42BDC59C800E541D3 /* AmatorTelsizUITests.swift */ = {isa = PBXFileReference; lastKnownFileType = sourcecode.swift; path = AmatorTelsizUITests.swift; sourceTree = "<group>"; };
		244E5BC62BDC59C800E541D3 /* AmatorTelsizUITestsLaunchTests.swift */ = {isa = PBXFileReference; lastKnownFileType = sourcecode.swift; path = AmatorTelsizUITestsLaunchTests.swift; sourceTree = "<group>"; };
		247EFE802BDD746300AEB766 /* CompassViewController.swift */ = {isa = PBXFileReference; lastKnownFileType = sourcecode.swift; path = CompassViewController.swift; sourceTree = "<group>"; };
		247EFE822BDD758100AEB766 /* MorseAlphabetViewController.swift */ = {isa = PBXFileReference; lastKnownFileType = sourcecode.swift; path = MorseAlphabetViewController.swift; sourceTree = "<group>"; };
		247EFE882BDD7BD200AEB766 /* PhoneticMorseAlphabetViewController.swift */ = {isa = PBXFileReference; lastKnownFileType = sourcecode.swift; path = PhoneticMorseAlphabetViewController.swift; sourceTree = "<group>"; };
		247EFE8B2BDD8A3D00AEB766 /* RoleViewController.swift */ = {isa = PBXFileReference; lastKnownFileType = sourcecode.swift; path = RoleViewController.swift; sourceTree = "<group>"; };
		247EFE8D2BDD91B000AEB766 /* QCodeViewController.swift */ = {isa = PBXFileReference; lastKnownFileType = sourcecode.swift; path = QCodeViewController.swift; sourceTree = "<group>"; };
		247EFE8F2BDD9A8B00AEB766 /* AprsViewController.swift */ = {isa = PBXFileReference; lastKnownFileType = sourcecode.swift; path = AprsViewController.swift; sourceTree = "<group>"; };
		247EFE912BDEFCB300AEB766 /* DarkModeManager.swift */ = {isa = PBXFileReference; lastKnownFileType = sourcecode.swift; path = DarkModeManager.swift; sourceTree = "<group>"; };
		24DA49DF2BE04ADE002474CA /* ab_isletme.json */ = {isa = PBXFileReference; fileEncoding = 4; lastKnownFileType = text.json; path = ab_isletme.json; sourceTree = "<group>"; };
		24DA49E02BE04ADE002474CA /* ab_tec.json */ = {isa = PBXFileReference; fileEncoding = 4; lastKnownFileType = text.json; path = ab_tec.json; sourceTree = "<group>"; };
		24DA49E12BE04ADE002474CA /* c_IR.json */ = {isa = PBXFileReference; fileEncoding = 4; lastKnownFileType = text.json; path = c_IR.json; sourceTree = "<group>"; };
		24DA49E22BE04ADE002474CA /* ab_IR.json */ = {isa = PBXFileReference; fileEncoding = 4; lastKnownFileType = text.json; path = ab_IR.json; sourceTree = "<group>"; };
		24DA49E32BE04ADE002474CA /* c_tec.json */ = {isa = PBXFileReference; fileEncoding = 4; lastKnownFileType = text.json; path = c_tec.json; sourceTree = "<group>"; };
		24DA49E42BE04ADE002474CA /* c_isletme.json */ = {isa = PBXFileReference; fileEncoding = 4; lastKnownFileType = text.json; path = c_isletme.json; sourceTree = "<group>"; };
		24DA49EF2BE05DF8002474CA /* QuestionCardViewCell.swift */ = {isa = PBXFileReference; lastKnownFileType = sourcecode.swift; path = QuestionCardViewCell.swift; sourceTree = "<group>"; };
		24DA49F12BE05E7B002474CA /* AnswerCardViewCell.swift */ = {isa = PBXFileReference; lastKnownFileType = sourcecode.swift; path = AnswerCardViewCell.swift; sourceTree = "<group>"; };
		24DA49F82BE12F8F002474CA /* TabbarController.swift */ = {isa = PBXFileReference; lastKnownFileType = sourcecode.swift; path = TabbarController.swift; sourceTree = "<group>"; };
		24DA49FA2BE12FFF002474CA /* TabBarWithCorners.swift */ = {isa = PBXFileReference; lastKnownFileType = sourcecode.swift; path = TabBarWithCorners.swift; sourceTree = "<group>"; };
		A55476A72BDDA9F900D71E8D /* QuestionManager.swift */ = {isa = PBXFileReference; lastKnownFileType = sourcecode.swift; name = QuestionManager.swift; path = AmatorTelsiz/Controller/QuestionManager.swift; sourceTree = SOURCE_ROOT; };
		A55476A92BDDAB0400D71E8D /* Question.swift */ = {isa = PBXFileReference; lastKnownFileType = sourcecode.swift; name = Question.swift; path = AmatorTelsiz/Controller/Question.swift; sourceTree = SOURCE_ROOT; };
		A55476AC2BDDACA700D71E8D /* ab_question.swift */ = {isa = PBXFileReference; lastKnownFileType = sourcecode.swift; name = ab_question.swift; path = AmatorTelsiz/Controller/ab_question.swift; sourceTree = SOURCE_ROOT; };
		A57312432BDC6165008A2955 /* MainViewController.swift */ = {isa = PBXFileReference; lastKnownFileType = sourcecode.swift; path = MainViewController.swift; sourceTree = "<group>"; };
		A57312472BDC61BC008A2955 /* SettingViewController.swift */ = {isa = PBXFileReference; lastKnownFileType = sourcecode.swift; path = SettingViewController.swift; sourceTree = "<group>"; };
		A57312492BDC64C5008A2955 /* ToolsViewController.swift */ = {isa = PBXFileReference; lastKnownFileType = sourcecode.swift; path = ToolsViewController.swift; sourceTree = "<group>"; };
		A573124D2BDC7FD0008A2955 /* MainQuestionBankFlowCell.swift */ = {isa = PBXFileReference; lastKnownFileType = sourcecode.swift; name = MainQuestionBankFlowCell.swift; path = AmatorTelsiz/Controller/MainQuestionBankFlowCell.swift; sourceTree = SOURCE_ROOT; };
		A5E6E19D2BE0188C001C7469 /* c_question.swift */ = {isa = PBXFileReference; lastKnownFileType = sourcecode.swift; name = c_question.swift; path = AmatorTelsiz/Controller/c_question.swift; sourceTree = SOURCE_ROOT; };
		A5E6E1A12BE021C7001C7469 /* AB_IExamViewController.swift */ = {isa = PBXFileReference; lastKnownFileType = sourcecode.swift; path = AB_IExamViewController.swift; sourceTree = "<group>"; };
		A5E6E1A32BE02285001C7469 /* AB_IRExamViewController.swift */ = {isa = PBXFileReference; lastKnownFileType = sourcecode.swift; path = AB_IRExamViewController.swift; sourceTree = "<group>"; };
		A5E6E1A52BE0229A001C7469 /* AB_TecViewController.swift */ = {isa = PBXFileReference; lastKnownFileType = sourcecode.swift; path = AB_TecViewController.swift; sourceTree = "<group>"; };
		A5E6E1A72BE022AF001C7469 /* C_IExamViewController.swift */ = {isa = PBXFileReference; lastKnownFileType = sourcecode.swift; path = C_IExamViewController.swift; sourceTree = "<group>"; };
		A5E6E1A92BE022C6001C7469 /* C_IRExamViewController.swift */ = {isa = PBXFileReference; lastKnownFileType = sourcecode.swift; path = C_IRExamViewController.swift; sourceTree = "<group>"; };
		A5E6E1AB2BE022DE001C7469 /* C_TecViewController.swift */ = {isa = PBXFileReference; lastKnownFileType = sourcecode.swift; path = C_TecViewController.swift; sourceTree = "<group>"; };
		A5E6E1AE2BE02E25001C7469 /* CustomCellBottom.swift */ = {isa = PBXFileReference; lastKnownFileType = sourcecode.swift; path = CustomCellBottom.swift; sourceTree = "<group>"; };
		A5F3903B2C1F42F9006C8674 /* extension.swift */ = {isa = PBXFileReference; lastKnownFileType = sourcecode.swift; path = extension.swift; sourceTree = "<group>"; };
		A5F3903D2C1F4322006C8674 /* constants.swift */ = {isa = PBXFileReference; lastKnownFileType = sourcecode.swift; name = constants.swift; path = AmatorTelsiz/extensions/constants.swift; sourceTree = SOURCE_ROOT; };
/* End PBXFileReference section */

/* Begin PBXFrameworksBuildPhase section */
		244E5B9D2BDC59C700E541D3 /* Frameworks */ = {
			isa = PBXFrameworksBuildPhase;
			buildActionMask = 2147483647;
			files = (
			);
			runOnlyForDeploymentPostprocessing = 0;
		};
		244E5BB32BDC59C800E541D3 /* Frameworks */ = {
			isa = PBXFrameworksBuildPhase;
			buildActionMask = 2147483647;
			files = (
			);
			runOnlyForDeploymentPostprocessing = 0;
		};
		244E5BBD2BDC59C800E541D3 /* Frameworks */ = {
			isa = PBXFrameworksBuildPhase;
			buildActionMask = 2147483647;
			files = (
			);
			runOnlyForDeploymentPostprocessing = 0;
		};
/* End PBXFrameworksBuildPhase section */

/* Begin PBXGroup section */
		244E5B972BDC59C700E541D3 = {
			isa = PBXGroup;
			children = (
				244E5BA22BDC59C700E541D3 /* AmatorTelsiz */,
				244E5BB92BDC59C800E541D3 /* AmatorTelsizTests */,
				244E5BC32BDC59C800E541D3 /* AmatorTelsizUITests */,
				244E5BA12BDC59C700E541D3 /* Products */,
			);
			sourceTree = "<group>";
		};
		244E5BA12BDC59C700E541D3 /* Products */ = {
			isa = PBXGroup;
			children = (
				244E5BA02BDC59C700E541D3 /* AmatorTelsiz.app */,
				244E5BB62BDC59C800E541D3 /* AmatorTelsizTests.xctest */,
				244E5BC02BDC59C800E541D3 /* AmatorTelsizUITests.xctest */,
			);
			name = Products;
			sourceTree = "<group>";
		};
		244E5BA22BDC59C700E541D3 /* AmatorTelsiz */ = {
			isa = PBXGroup;
			children = (
				A5F3903A2C1F42E5006C8674 /* extensions */,
				A55476AB2BDDAB3E00D71E8D /* Data Source */,
				A57312422BDC5CA5008A2955 /* View */,
				A573123F2BDC5C4C008A2955 /* Controller */,
				A573123D2BDC5C39008A2955 /* Cells */,
				A573123C2BDC5BFF008A2955 /* Model */,
				A57312412BDC5C65008A2955 /* Services */,
				A573123E2BDC5C43008A2955 /* Support */,
			);
			path = AmatorTelsiz;
			sourceTree = "<group>";
		};
		244E5BB92BDC59C800E541D3 /* AmatorTelsizTests */ = {
			isa = PBXGroup;
			children = (
				244E5BBA2BDC59C800E541D3 /* AmatorTelsizTests.swift */,
			);
			path = AmatorTelsizTests;
			sourceTree = "<group>";
		};
		244E5BC32BDC59C800E541D3 /* AmatorTelsizUITests */ = {
			isa = PBXGroup;
			children = (
				244E5BC42BDC59C800E541D3 /* AmatorTelsizUITests.swift */,
				244E5BC62BDC59C800E541D3 /* AmatorTelsizUITestsLaunchTests.swift */,
			);
			path = AmatorTelsizUITests;
			sourceTree = "<group>";
		};
		A55476AB2BDDAB3E00D71E8D /* Data Source */ = {
			isa = PBXGroup;
			children = (
				24DA49E22BE04ADE002474CA /* ab_IR.json */,
				24DA49DF2BE04ADE002474CA /* ab_isletme.json */,
				24DA49E02BE04ADE002474CA /* ab_tec.json */,
				24DA49E12BE04ADE002474CA /* c_IR.json */,
				24DA49E42BE04ADE002474CA /* c_isletme.json */,
				24DA49E32BE04ADE002474CA /* c_tec.json */,
			);
			path = "Data Source";
			sourceTree = "<group>";
		};
		A573123C2BDC5BFF008A2955 /* Model */ = {
			isa = PBXGroup;
			children = (
				A55476A92BDDAB0400D71E8D /* Question.swift */,
				A55476AC2BDDACA700D71E8D /* ab_question.swift */,
				A5E6E19D2BE0188C001C7469 /* c_question.swift */,
				A5F3903D2C1F4322006C8674 /* constants.swift */,
			);
			path = Model;
			sourceTree = "<group>";
		};
		A573123D2BDC5C39008A2955 /* Cells */ = {
			isa = PBXGroup;
			children = (
				A573124D2BDC7FD0008A2955 /* MainQuestionBankFlowCell.swift */,
				A5E6E1AE2BE02E25001C7469 /* CustomCellBottom.swift */,
				24DA49EF2BE05DF8002474CA /* QuestionCardViewCell.swift */,
				24DA49F12BE05E7B002474CA /* AnswerCardViewCell.swift */,
			);
			path = Cells;
			sourceTree = "<group>";
		};
		A573123E2BDC5C43008A2955 /* Support */ = {
			isa = PBXGroup;
			children = (
				244E5BB12BDC59C800E541D3 /* Info.plist */,
				244E5BAC2BDC59C800E541D3 /* Assets.xcassets */,
				244E5BA52BDC59C700E541D3 /* SceneDelegate.swift */,
				244E5BA32BDC59C700E541D3 /* AppDelegate.swift */,
			);
			name = Support;
			sourceTree = "<group>";
		};
		A573123F2BDC5C4C008A2955 /* Controller */ = {
			isa = PBXGroup;
			children = (
				A5E6E19C2BE017A8001C7469 /* Home */,
				A5E6E19B2BE01779001C7469 /* Tools */,
				A57312432BDC6165008A2955 /* MainViewController.swift */,
				A57312472BDC61BC008A2955 /* SettingViewController.swift */,
				A57312492BDC64C5008A2955 /* ToolsViewController.swift */,
			);
			path = Controller;
			sourceTree = "<group>";
		};
		A57312412BDC5C65008A2955 /* Services */ = {
			isa = PBXGroup;
			children = (
				247EFE912BDEFCB300AEB766 /* DarkModeManager.swift */,
				A55476A72BDDA9F900D71E8D /* QuestionManager.swift */,
			);
			path = Services;
			sourceTree = "<group>";
		};
		A57312422BDC5CA5008A2955 /* View */ = {
			isa = PBXGroup;
			children = (
				244E5BA92BDC59C700E541D3 /* Main.storyboard */,
				244E5BAE2BDC59C800E541D3 /* LaunchScreen.storyboard */,
				24DA49F82BE12F8F002474CA /* TabbarController.swift */,
				24DA49FA2BE12FFF002474CA /* TabBarWithCorners.swift */,
			);
			path = View;
			sourceTree = "<group>";
		};
		A5E6E19B2BE01779001C7469 /* Tools */ = {
			isa = PBXGroup;
			children = (
				247EFE882BDD7BD200AEB766 /* PhoneticMorseAlphabetViewController.swift */,
				247EFE8F2BDD9A8B00AEB766 /* AprsViewController.swift */,
				247EFE8D2BDD91B000AEB766 /* QCodeViewController.swift */,
				247EFE822BDD758100AEB766 /* MorseAlphabetViewController.swift */,
				247EFE802BDD746300AEB766 /* CompassViewController.swift */,
				247EFE8B2BDD8A3D00AEB766 /* RoleViewController.swift */,
			);
			path = Tools;
			sourceTree = "<group>";
		};
		A5E6E19C2BE017A8001C7469 /* Home */ = {
			isa = PBXGroup;
			children = (
				A5E6E1A12BE021C7001C7469 /* AB_IExamViewController.swift */,
				A5E6E1A32BE02285001C7469 /* AB_IRExamViewController.swift */,
				A5E6E1A52BE0229A001C7469 /* AB_TecViewController.swift */,
				A5E6E1A72BE022AF001C7469 /* C_IExamViewController.swift */,
				A5E6E1A92BE022C6001C7469 /* C_IRExamViewController.swift */,
				A5E6E1AB2BE022DE001C7469 /* C_TecViewController.swift */,
			);
			path = Home;
			sourceTree = "<group>";
		};
		A5F3903A2C1F42E5006C8674 /* extensions */ = {
			isa = PBXGroup;
			children = (
				A5F3903B2C1F42F9006C8674 /* extension.swift */,
			);
			path = extensions;
			sourceTree = "<group>";
		};
/* End PBXGroup section */

/* Begin PBXNativeTarget section */
		244E5B9F2BDC59C700E541D3 /* AmatorTelsiz */ = {
			isa = PBXNativeTarget;
			buildConfigurationList = 244E5BCA2BDC59C800E541D3 /* Build configuration list for PBXNativeTarget "AmatorTelsiz" */;
			buildPhases = (
				244E5B9C2BDC59C700E541D3 /* Sources */,
				244E5B9D2BDC59C700E541D3 /* Frameworks */,
				244E5B9E2BDC59C700E541D3 /* Resources */,
			);
			buildRules = (
			);
			dependencies = (
			);
			name = AmatorTelsiz;
			productName = AmatorTelsiz;
			productReference = 244E5BA02BDC59C700E541D3 /* AmatorTelsiz.app */;
			productType = "com.apple.product-type.application";
		};
		244E5BB52BDC59C800E541D3 /* AmatorTelsizTests */ = {
			isa = PBXNativeTarget;
			buildConfigurationList = 244E5BCD2BDC59C800E541D3 /* Build configuration list for PBXNativeTarget "AmatorTelsizTests" */;
			buildPhases = (
				244E5BB22BDC59C800E541D3 /* Sources */,
				244E5BB32BDC59C800E541D3 /* Frameworks */,
				244E5BB42BDC59C800E541D3 /* Resources */,
			);
			buildRules = (
			);
			dependencies = (
				244E5BB82BDC59C800E541D3 /* PBXTargetDependency */,
			);
			name = AmatorTelsizTests;
			productName = AmatorTelsizTests;
			productReference = 244E5BB62BDC59C800E541D3 /* AmatorTelsizTests.xctest */;
			productType = "com.apple.product-type.bundle.unit-test";
		};
		244E5BBF2BDC59C800E541D3 /* AmatorTelsizUITests */ = {
			isa = PBXNativeTarget;
			buildConfigurationList = 244E5BD02BDC59C800E541D3 /* Build configuration list for PBXNativeTarget "AmatorTelsizUITests" */;
			buildPhases = (
				244E5BBC2BDC59C800E541D3 /* Sources */,
				244E5BBD2BDC59C800E541D3 /* Frameworks */,
				244E5BBE2BDC59C800E541D3 /* Resources */,
			);
			buildRules = (
			);
			dependencies = (
				244E5BC22BDC59C800E541D3 /* PBXTargetDependency */,
			);
			name = AmatorTelsizUITests;
			productName = AmatorTelsizUITests;
			productReference = 244E5BC02BDC59C800E541D3 /* AmatorTelsizUITests.xctest */;
			productType = "com.apple.product-type.bundle.ui-testing";
		};
/* End PBXNativeTarget section */

/* Begin PBXProject section */
		244E5B982BDC59C700E541D3 /* Project object */ = {
			isa = PBXProject;
			attributes = {
				BuildIndependentTargetsInParallel = 1;
				LastSwiftUpdateCheck = 1430;
				LastUpgradeCheck = 1530;
				TargetAttributes = {
					244E5B9F2BDC59C700E541D3 = {
						CreatedOnToolsVersion = 14.3;
					};
					244E5BB52BDC59C800E541D3 = {
						CreatedOnToolsVersion = 14.3;
						TestTargetID = 244E5B9F2BDC59C700E541D3;
					};
					244E5BBF2BDC59C800E541D3 = {
						CreatedOnToolsVersion = 14.3;
						TestTargetID = 244E5B9F2BDC59C700E541D3;
					};
				};
			};
			buildConfigurationList = 244E5B9B2BDC59C700E541D3 /* Build configuration list for PBXProject "AmatorTelsiz" */;
			compatibilityVersion = "Xcode 14.0";
			developmentRegion = en;
			hasScannedForEncodings = 0;
			knownRegions = (
				en,
				Base,
			);
			mainGroup = 244E5B972BDC59C700E541D3;
			productRefGroup = 244E5BA12BDC59C700E541D3 /* Products */;
			projectDirPath = "";
			projectRoot = "";
			targets = (
				244E5B9F2BDC59C700E541D3 /* AmatorTelsiz */,
				244E5BB52BDC59C800E541D3 /* AmatorTelsizTests */,
				244E5BBF2BDC59C800E541D3 /* AmatorTelsizUITests */,
			);
		};
/* End PBXProject section */

/* Begin PBXResourcesBuildPhase section */
		244E5B9E2BDC59C700E541D3 /* Resources */ = {
			isa = PBXResourcesBuildPhase;
			buildActionMask = 2147483647;
			files = (
				244E5BB02BDC59C800E541D3 /* LaunchScreen.storyboard in Resources */,
				244E5BAD2BDC59C800E541D3 /* Assets.xcassets in Resources */,
				24DA49E52BE04ADE002474CA /* ab_isletme.json in Resources */,
				244E5BAB2BDC59C700E541D3 /* Main.storyboard in Resources */,
				24DA49E62BE04ADE002474CA /* ab_tec.json in Resources */,
				24DA49E92BE04ADE002474CA /* c_tec.json in Resources */,
				24DA49EA2BE04ADE002474CA /* c_isletme.json in Resources */,
				24DA49E82BE04ADE002474CA /* ab_IR.json in Resources */,
				24DA49E72BE04ADE002474CA /* c_IR.json in Resources */,
			);
			runOnlyForDeploymentPostprocessing = 0;
		};
		244E5BB42BDC59C800E541D3 /* Resources */ = {
			isa = PBXResourcesBuildPhase;
			buildActionMask = 2147483647;
			files = (
			);
			runOnlyForDeploymentPostprocessing = 0;
		};
		244E5BBE2BDC59C800E541D3 /* Resources */ = {
			isa = PBXResourcesBuildPhase;
			buildActionMask = 2147483647;
			files = (
			);
			runOnlyForDeploymentPostprocessing = 0;
		};
/* End PBXResourcesBuildPhase section */

/* Begin PBXSourcesBuildPhase section */
		244E5B9C2BDC59C700E541D3 /* Sources */ = {
			isa = PBXSourcesBuildPhase;
			buildActionMask = 2147483647;
			files = (
				24DA49FB2BE12FFF002474CA /* TabBarWithCorners.swift in Sources */,
				A55476AA2BDDAB0400D71E8D /* Question.swift in Sources */,
				247EFE8C2BDD8A3D00AEB766 /* RoleViewController.swift in Sources */,
				A5E6E1A62BE0229A001C7469 /* AB_TecViewController.swift in Sources */,
				A573124A2BDC64C5008A2955 /* ToolsViewController.swift in Sources */,
				A573124E2BDC7FD0008A2955 /* MainQuestionBankFlowCell.swift in Sources */,
				244E5BA42BDC59C700E541D3 /* AppDelegate.swift in Sources */,
				A5E6E1AA2BE022C6001C7469 /* C_IRExamViewController.swift in Sources */,
				247EFE812BDD746300AEB766 /* CompassViewController.swift in Sources */,
				A5E6E1A22BE021C7001C7469 /* AB_IExamViewController.swift in Sources */,
				A5E6E1AF2BE02E25001C7469 /* CustomCellBottom.swift in Sources */,
				A55476AD2BDDACA700D71E8D /* ab_question.swift in Sources */,
				244E5BA62BDC59C700E541D3 /* SceneDelegate.swift in Sources */,
				24DA49F92BE12F8F002474CA /* TabbarController.swift in Sources */,
				247EFE892BDD7BD200AEB766 /* PhoneticMorseAlphabetViewController.swift in Sources */,
				A5F3903C2C1F42F9006C8674 /* extension.swift in Sources */,
				247EFE922BDEFCB300AEB766 /* DarkModeManager.swift in Sources */,
				A5E6E19E2BE0188C001C7469 /* c_question.swift in Sources */,
				A5E6E1AC2BE022DE001C7469 /* C_TecViewController.swift in Sources */,
				A55476A82BDDA9F900D71E8D /* QuestionManager.swift in Sources */,
				247EFE832BDD758100AEB766 /* MorseAlphabetViewController.swift in Sources */,
				247EFE902BDD9A8B00AEB766 /* AprsViewController.swift in Sources */,
				24DA49F02BE05DF8002474CA /* QuestionCardViewCell.swift in Sources */,
				A5F3903E2C1F4322006C8674 /* constants.swift in Sources */,
				24DA49F22BE05E7B002474CA /* AnswerCardViewCell.swift in Sources */,
				A57312442BDC6165008A2955 /* MainViewController.swift in Sources */,
				A57312482BDC61BC008A2955 /* SettingViewController.swift in Sources */,
				247EFE8E2BDD91B000AEB766 /* QCodeViewController.swift in Sources */,
				A5E6E1A82BE022AF001C7469 /* C_IExamViewController.swift in Sources */,
				A5E6E1A42BE02285001C7469 /* AB_IRExamViewController.swift in Sources */,
			);
			runOnlyForDeploymentPostprocessing = 0;
		};
		244E5BB22BDC59C800E541D3 /* Sources */ = {
			isa = PBXSourcesBuildPhase;
			buildActionMask = 2147483647;
			files = (
				244E5BBB2BDC59C800E541D3 /* AmatorTelsizTests.swift in Sources */,
			);
			runOnlyForDeploymentPostprocessing = 0;
		};
		244E5BBC2BDC59C800E541D3 /* Sources */ = {
			isa = PBXSourcesBuildPhase;
			buildActionMask = 2147483647;
			files = (
				244E5BC52BDC59C800E541D3 /* AmatorTelsizUITests.swift in Sources */,
				244E5BC72BDC59C800E541D3 /* AmatorTelsizUITestsLaunchTests.swift in Sources */,
			);
			runOnlyForDeploymentPostprocessing = 0;
		};
/* End PBXSourcesBuildPhase section */

/* Begin PBXTargetDependency section */
		244E5BB82BDC59C800E541D3 /* PBXTargetDependency */ = {
			isa = PBXTargetDependency;
			target = 244E5B9F2BDC59C700E541D3 /* AmatorTelsiz */;
			targetProxy = 244E5BB72BDC59C800E541D3 /* PBXContainerItemProxy */;
		};
		244E5BC22BDC59C800E541D3 /* PBXTargetDependency */ = {
			isa = PBXTargetDependency;
			target = 244E5B9F2BDC59C700E541D3 /* AmatorTelsiz */;
			targetProxy = 244E5BC12BDC59C800E541D3 /* PBXContainerItemProxy */;
		};
/* End PBXTargetDependency section */

/* Begin PBXVariantGroup section */
		244E5BA92BDC59C700E541D3 /* Main.storyboard */ = {
			isa = PBXVariantGroup;
			children = (
				244E5BAA2BDC59C700E541D3 /* Base */,
			);
			name = Main.storyboard;
			sourceTree = "<group>";
		};
		244E5BAE2BDC59C800E541D3 /* LaunchScreen.storyboard */ = {
			isa = PBXVariantGroup;
			children = (
				244E5BAF2BDC59C800E541D3 /* Base */,
			);
			name = LaunchScreen.storyboard;
			sourceTree = "<group>";
		};
/* End PBXVariantGroup section */

/* Begin XCBuildConfiguration section */
		244E5BC82BDC59C800E541D3 /* Debug */ = {
			isa = XCBuildConfiguration;
			buildSettings = {
				ALWAYS_SEARCH_USER_PATHS = NO;
				CLANG_ANALYZER_NONNULL = YES;
				CLANG_ANALYZER_NUMBER_OBJECT_CONVERSION = YES_AGGRESSIVE;
				CLANG_CXX_LANGUAGE_STANDARD = "gnu++20";
				CLANG_ENABLE_MODULES = YES;
				CLANG_ENABLE_OBJC_ARC = YES;
				CLANG_ENABLE_OBJC_WEAK = YES;
				CLANG_WARN_BLOCK_CAPTURE_AUTORELEASING = YES;
				CLANG_WARN_BOOL_CONVERSION = YES;
				CLANG_WARN_COMMA = YES;
				CLANG_WARN_CONSTANT_CONVERSION = YES;
				CLANG_WARN_DEPRECATED_OBJC_IMPLEMENTATIONS = YES;
				CLANG_WARN_DIRECT_OBJC_ISA_USAGE = YES_ERROR;
				CLANG_WARN_DOCUMENTATION_COMMENTS = YES;
				CLANG_WARN_EMPTY_BODY = YES;
				CLANG_WARN_ENUM_CONVERSION = YES;
				CLANG_WARN_INFINITE_RECURSION = YES;
				CLANG_WARN_INT_CONVERSION = YES;
				CLANG_WARN_NON_LITERAL_NULL_CONVERSION = YES;
				CLANG_WARN_OBJC_IMPLICIT_RETAIN_SELF = YES;
				CLANG_WARN_OBJC_LITERAL_CONVERSION = YES;
				CLANG_WARN_OBJC_ROOT_CLASS = YES_ERROR;
				CLANG_WARN_QUOTED_INCLUDE_IN_FRAMEWORK_HEADER = YES;
				CLANG_WARN_RANGE_LOOP_ANALYSIS = YES;
				CLANG_WARN_STRICT_PROTOTYPES = YES;
				CLANG_WARN_SUSPICIOUS_MOVE = YES;
				CLANG_WARN_UNGUARDED_AVAILABILITY = YES_AGGRESSIVE;
				CLANG_WARN_UNREACHABLE_CODE = YES;
				CLANG_WARN__DUPLICATE_METHOD_MATCH = YES;
				COPY_PHASE_STRIP = NO;
				DEBUG_INFORMATION_FORMAT = dwarf;
				ENABLE_STRICT_OBJC_MSGSEND = YES;
				ENABLE_TESTABILITY = YES;
				ENABLE_USER_SCRIPT_SANDBOXING = YES;
				GCC_C_LANGUAGE_STANDARD = gnu11;
				GCC_DYNAMIC_NO_PIC = NO;
				GCC_NO_COMMON_BLOCKS = YES;
				GCC_OPTIMIZATION_LEVEL = 0;
				GCC_PREPROCESSOR_DEFINITIONS = (
					"DEBUG=1",
					"$(inherited)",
				);
				GCC_WARN_64_TO_32_BIT_CONVERSION = YES;
				GCC_WARN_ABOUT_RETURN_TYPE = YES_ERROR;
				GCC_WARN_UNDECLARED_SELECTOR = YES;
				GCC_WARN_UNINITIALIZED_AUTOS = YES_AGGRESSIVE;
				GCC_WARN_UNUSED_FUNCTION = YES;
				GCC_WARN_UNUSED_VARIABLE = YES;
				IPHONEOS_DEPLOYMENT_TARGET = 15.0;
				MTL_ENABLE_DEBUG_INFO = INCLUDE_SOURCE;
				MTL_FAST_MATH = YES;
				ONLY_ACTIVE_ARCH = YES;
				SDKROOT = iphoneos;
				SWIFT_ACTIVE_COMPILATION_CONDITIONS = DEBUG;
				SWIFT_OPTIMIZATION_LEVEL = "-Onone";
			};
			name = Debug;
		};
		244E5BC92BDC59C800E541D3 /* Release */ = {
			isa = XCBuildConfiguration;
			buildSettings = {
				ALWAYS_SEARCH_USER_PATHS = NO;
				CLANG_ANALYZER_NONNULL = YES;
				CLANG_ANALYZER_NUMBER_OBJECT_CONVERSION = YES_AGGRESSIVE;
				CLANG_CXX_LANGUAGE_STANDARD = "gnu++20";
				CLANG_ENABLE_MODULES = YES;
				CLANG_ENABLE_OBJC_ARC = YES;
				CLANG_ENABLE_OBJC_WEAK = YES;
				CLANG_WARN_BLOCK_CAPTURE_AUTORELEASING = YES;
				CLANG_WARN_BOOL_CONVERSION = YES;
				CLANG_WARN_COMMA = YES;
				CLANG_WARN_CONSTANT_CONVERSION = YES;
				CLANG_WARN_DEPRECATED_OBJC_IMPLEMENTATIONS = YES;
				CLANG_WARN_DIRECT_OBJC_ISA_USAGE = YES_ERROR;
				CLANG_WARN_DOCUMENTATION_COMMENTS = YES;
				CLANG_WARN_EMPTY_BODY = YES;
				CLANG_WARN_ENUM_CONVERSION = YES;
				CLANG_WARN_INFINITE_RECURSION = YES;
				CLANG_WARN_INT_CONVERSION = YES;
				CLANG_WARN_NON_LITERAL_NULL_CONVERSION = YES;
				CLANG_WARN_OBJC_IMPLICIT_RETAIN_SELF = YES;
				CLANG_WARN_OBJC_LITERAL_CONVERSION = YES;
				CLANG_WARN_OBJC_ROOT_CLASS = YES_ERROR;
				CLANG_WARN_QUOTED_INCLUDE_IN_FRAMEWORK_HEADER = YES;
				CLANG_WARN_RANGE_LOOP_ANALYSIS = YES;
				CLANG_WARN_STRICT_PROTOTYPES = YES;
				CLANG_WARN_SUSPICIOUS_MOVE = YES;
				CLANG_WARN_UNGUARDED_AVAILABILITY = YES_AGGRESSIVE;
				CLANG_WARN_UNREACHABLE_CODE = YES;
				CLANG_WARN__DUPLICATE_METHOD_MATCH = YES;
				COPY_PHASE_STRIP = NO;
				DEBUG_INFORMATION_FORMAT = "dwarf-with-dsym";
				ENABLE_NS_ASSERTIONS = NO;
				ENABLE_STRICT_OBJC_MSGSEND = YES;
				ENABLE_USER_SCRIPT_SANDBOXING = YES;
				GCC_C_LANGUAGE_STANDARD = gnu11;
				GCC_NO_COMMON_BLOCKS = YES;
				GCC_WARN_64_TO_32_BIT_CONVERSION = YES;
				GCC_WARN_ABOUT_RETURN_TYPE = YES_ERROR;
				GCC_WARN_UNDECLARED_SELECTOR = YES;
				GCC_WARN_UNINITIALIZED_AUTOS = YES_AGGRESSIVE;
				GCC_WARN_UNUSED_FUNCTION = YES;
				GCC_WARN_UNUSED_VARIABLE = YES;
				IPHONEOS_DEPLOYMENT_TARGET = 15.0;
				MTL_ENABLE_DEBUG_INFO = NO;
				MTL_FAST_MATH = YES;
				SDKROOT = iphoneos;
				SWIFT_COMPILATION_MODE = wholemodule;
				SWIFT_OPTIMIZATION_LEVEL = "-O";
				VALIDATE_PRODUCT = YES;
			};
			name = Release;
		};
		244E5BCB2BDC59C800E541D3 /* Debug */ = {
			isa = XCBuildConfiguration;
			buildSettings = {
				ASSETCATALOG_COMPILER_APPICON_NAME = AppIcon;
				ASSETCATALOG_COMPILER_GLOBAL_ACCENT_COLOR_NAME = AccentColor;
				CODE_SIGN_STYLE = Automatic;
				CURRENT_PROJECT_VERSION = 1;
				DEVELOPMENT_TEAM = L39V7KLTL6;
				GENERATE_INFOPLIST_FILE = YES;
				INFOPLIST_FILE = AmatorTelsiz/Info.plist;
				INFOPLIST_KEY_UIApplicationSupportsIndirectInputEvents = YES;
				INFOPLIST_KEY_UILaunchStoryboardName = LaunchScreen;
				INFOPLIST_KEY_UIMainStoryboardFile = Main;
				INFOPLIST_KEY_UISupportedInterfaceOrientations_iPad = "UIInterfaceOrientationPortrait UIInterfaceOrientationPortraitUpsideDown UIInterfaceOrientationLandscapeLeft UIInterfaceOrientationLandscapeRight";
				INFOPLIST_KEY_UISupportedInterfaceOrientations_iPhone = "UIInterfaceOrientationPortrait UIInterfaceOrientationLandscapeLeft UIInterfaceOrientationLandscapeRight";
				IPHONEOS_DEPLOYMENT_TARGET = 15.0;
				LD_RUNPATH_SEARCH_PATHS = (
					"$(inherited)",
					"@executable_path/Frameworks",
				);
				MARKETING_VERSION = 1.0;
				PRODUCT_BUNDLE_IDENTIFIER = melikbilyay.AmatorTelsiz;
				PRODUCT_NAME = "$(TARGET_NAME)";
				SWIFT_EMIT_LOC_STRINGS = YES;
				SWIFT_VERSION = 5.0;
				TARGETED_DEVICE_FAMILY = "1,2";
			};
			name = Debug;
		};
		244E5BCC2BDC59C800E541D3 /* Release */ = {
			isa = XCBuildConfiguration;
			buildSettings = {
				ASSETCATALOG_COMPILER_APPICON_NAME = AppIcon;
				ASSETCATALOG_COMPILER_GLOBAL_ACCENT_COLOR_NAME = AccentColor;
				CODE_SIGN_STYLE = Automatic;
				CURRENT_PROJECT_VERSION = 1;
				DEVELOPMENT_TEAM = L39V7KLTL6;
				GENERATE_INFOPLIST_FILE = YES;
				INFOPLIST_FILE = AmatorTelsiz/Info.plist;
				INFOPLIST_KEY_UIApplicationSupportsIndirectInputEvents = YES;
				INFOPLIST_KEY_UILaunchStoryboardName = LaunchScreen;
				INFOPLIST_KEY_UIMainStoryboardFile = Main;
				INFOPLIST_KEY_UISupportedInterfaceOrientations_iPad = "UIInterfaceOrientationPortrait UIInterfaceOrientationPortraitUpsideDown UIInterfaceOrientationLandscapeLeft UIInterfaceOrientationLandscapeRight";
				INFOPLIST_KEY_UISupportedInterfaceOrientations_iPhone = "UIInterfaceOrientationPortrait UIInterfaceOrientationLandscapeLeft UIInterfaceOrientationLandscapeRight";
				IPHONEOS_DEPLOYMENT_TARGET = 15.0;
				LD_RUNPATH_SEARCH_PATHS = (
					"$(inherited)",
					"@executable_path/Frameworks",
				);
				MARKETING_VERSION = 1.0;
				PRODUCT_BUNDLE_IDENTIFIER = melikbilyay.AmatorTelsiz;
				PRODUCT_NAME = "$(TARGET_NAME)";
				SWIFT_EMIT_LOC_STRINGS = YES;
				SWIFT_VERSION = 5.0;
				TARGETED_DEVICE_FAMILY = "1,2";
			};
			name = Release;
		};
		244E5BCE2BDC59C800E541D3 /* Debug */ = {
			isa = XCBuildConfiguration;
			buildSettings = {
				ALWAYS_EMBED_SWIFT_STANDARD_LIBRARIES = YES;
				BUNDLE_LOADER = "$(TEST_HOST)";
				CODE_SIGN_STYLE = Automatic;
				CURRENT_PROJECT_VERSION = 1;
				DEVELOPMENT_TEAM = L39V7KLTL6;
				GENERATE_INFOPLIST_FILE = YES;
				IPHONEOS_DEPLOYMENT_TARGET = 16.4;
				MARKETING_VERSION = 1.0;
				PRODUCT_BUNDLE_IDENTIFIER = melikbilyay.AmatorTelsizTests;
				PRODUCT_NAME = "$(TARGET_NAME)";
				SWIFT_EMIT_LOC_STRINGS = NO;
				SWIFT_VERSION = 5.0;
				TARGETED_DEVICE_FAMILY = "1,2";
				TEST_HOST = "$(BUILT_PRODUCTS_DIR)/AmatorTelsiz.app/$(BUNDLE_EXECUTABLE_FOLDER_PATH)/AmatorTelsiz";
			};
			name = Debug;
		};
		244E5BCF2BDC59C800E541D3 /* Release */ = {
			isa = XCBuildConfiguration;
			buildSettings = {
				ALWAYS_EMBED_SWIFT_STANDARD_LIBRARIES = YES;
				BUNDLE_LOADER = "$(TEST_HOST)";
				CODE_SIGN_STYLE = Automatic;
				CURRENT_PROJECT_VERSION = 1;
				DEVELOPMENT_TEAM = L39V7KLTL6;
				GENERATE_INFOPLIST_FILE = YES;
				IPHONEOS_DEPLOYMENT_TARGET = 16.4;
				MARKETING_VERSION = 1.0;
				PRODUCT_BUNDLE_IDENTIFIER = melikbilyay.AmatorTelsizTests;
				PRODUCT_NAME = "$(TARGET_NAME)";
				SWIFT_EMIT_LOC_STRINGS = NO;
				SWIFT_VERSION = 5.0;
				TARGETED_DEVICE_FAMILY = "1,2";
				TEST_HOST = "$(BUILT_PRODUCTS_DIR)/AmatorTelsiz.app/$(BUNDLE_EXECUTABLE_FOLDER_PATH)/AmatorTelsiz";
			};
			name = Release;
		};
		244E5BD12BDC59C800E541D3 /* Debug */ = {
			isa = XCBuildConfiguration;
			buildSettings = {
				ALWAYS_EMBED_SWIFT_STANDARD_LIBRARIES = YES;
				CODE_SIGN_STYLE = Automatic;
				CURRENT_PROJECT_VERSION = 1;
				DEVELOPMENT_TEAM = L39V7KLTL6;
				GENERATE_INFOPLIST_FILE = YES;
				MARKETING_VERSION = 1.0;
				PRODUCT_BUNDLE_IDENTIFIER = melikbilyay.AmatorTelsizUITests;
				PRODUCT_NAME = "$(TARGET_NAME)";
				SWIFT_EMIT_LOC_STRINGS = NO;
				SWIFT_VERSION = 5.0;
				TARGETED_DEVICE_FAMILY = "1,2";
				TEST_TARGET_NAME = AmatorTelsiz;
			};
			name = Debug;
		};
		244E5BD22BDC59C800E541D3 /* Release */ = {
			isa = XCBuildConfiguration;
			buildSettings = {
				ALWAYS_EMBED_SWIFT_STANDARD_LIBRARIES = YES;
				CODE_SIGN_STYLE = Automatic;
				CURRENT_PROJECT_VERSION = 1;
				DEVELOPMENT_TEAM = L39V7KLTL6;
				GENERATE_INFOPLIST_FILE = YES;
				MARKETING_VERSION = 1.0;
				PRODUCT_BUNDLE_IDENTIFIER = melikbilyay.AmatorTelsizUITests;
				PRODUCT_NAME = "$(TARGET_NAME)";
				SWIFT_EMIT_LOC_STRINGS = NO;
				SWIFT_VERSION = 5.0;
				TARGETED_DEVICE_FAMILY = "1,2";
				TEST_TARGET_NAME = AmatorTelsiz;
			};
			name = Release;
		};
/* End XCBuildConfiguration section */

/* Begin XCConfigurationList section */
		244E5B9B2BDC59C700E541D3 /* Build configuration list for PBXProject "AmatorTelsiz" */ = {
			isa = XCConfigurationList;
			buildConfigurations = (
				244E5BC82BDC59C800E541D3 /* Debug */,
				244E5BC92BDC59C800E541D3 /* Release */,
			);
			defaultConfigurationIsVisible = 0;
			defaultConfigurationName = Release;
		};
		244E5BCA2BDC59C800E541D3 /* Build configuration list for PBXNativeTarget "AmatorTelsiz" */ = {
			isa = XCConfigurationList;
			buildConfigurations = (
				244E5BCB2BDC59C800E541D3 /* Debug */,
				244E5BCC2BDC59C800E541D3 /* Release */,
			);
			defaultConfigurationIsVisible = 0;
			defaultConfigurationName = Release;
		};
		244E5BCD2BDC59C800E541D3 /* Build configuration list for PBXNativeTarget "AmatorTelsizTests" */ = {
			isa = XCConfigurationList;
			buildConfigurations = (
				244E5BCE2BDC59C800E541D3 /* Debug */,
				244E5BCF2BDC59C800E541D3 /* Release */,
			);
			defaultConfigurationIsVisible = 0;
			defaultConfigurationName = Release;
		};
		244E5BD02BDC59C800E541D3 /* Build configuration list for PBXNativeTarget "AmatorTelsizUITests" */ = {
			isa = XCConfigurationList;
			buildConfigurations = (
				244E5BD12BDC59C800E541D3 /* Debug */,
				244E5BD22BDC59C800E541D3 /* Release */,
			);
			defaultConfigurationIsVisible = 0;
			defaultConfigurationName = Release;
		};
/* End XCConfigurationList section */
	};
	rootObject = 244E5B982BDC59C700E541D3 /* Project object */;
}
